
Microsoft Visual Studio Solution File, Format Version 12.00
# Visual Studio Version 17
VisualStudioVersion = 17.7.34024.191
MinimumVisualStudioVersion = 10.0.40219.1
Project("{888888A0-9F3D-457C-B088-3A5042F75D52}") = "TelegramBot", "TelegramBot\TelegramBot.pyproj", "{AC31245F-5319-41D1-BA94-424D7EC4F88D}"
EndProject
Global
	GlobalSection(SolutionConfigurationPlatforms) = preSolution
		Debug|Any CPU = Debug|Any CPU
		Release|Any CPU = Release|Any CPU
	EndGlobalSection
	GlobalSection(ProjectConfigurationPlatforms) = postSolution
		{AC31245F-5319-41D1-BA94-424D7EC4F88D}.Debug|Any CPU.ActiveCfg = Debug|Any CPU
		{AC31245F-5319-41D1-BA94-424D7EC4F88D}.Debug|Any CPU.Build.0 = Debug|Any CPU
		{AC31245F-5319-41D1-BA94-424D7EC4F88D}.Release|Any CPU.ActiveCfg = Release|Any CPU
		{AC31245F-5319-41D1-BA94-424D7EC4F88D}.Release|Any CPU.Build.0 = Release|Any CPU
	EndGlobalSection
	GlobalSection(SolutionProperties) = preSolution
		HideSolutionNode = FALSE
	EndGlobalSection
	GlobalSection(ExtensibilityGlobals) = postSolution
		SolutionGuid = {0DC89B5A-52B3-4C7C-9A83-784AA1E02A20}
	EndGlobalSection
EndGlobal
